
Microsoft Visual Studio Solution File, Format Version 12.00
# Visual Studio 14
VisualStudioVersion = 14.0.25420.1
MinimumVisualStudioVersion = 10.0.40219.1
Project("{FAE04EC0-301F-11D3-BF4B-00C04F79EFBC}") = "01.SinoTheWalker", "01.SinoTheWalker\01.SinoTheWalker.csproj", "{69C3C735-90DC-4C79-BD55-95A339414E5F}"
EndProject
Project("{FAE04EC0-301F-11D3-BF4B-00C04F79EFBC}") = "01.1.SinoTheWalker", "01.1.SinoTheWalker\01.1.SinoTheWalker.csproj", "{DE8D08A9-CCBE-498B-B6A2-FC7DE4CC08A2}"
EndProject
Project("{FAE04EC0-301F-11D3-BF4B-00C04F79EFBC}") = "02.SoftUniKaraoke", "02.SoftUniKaraoke\02.SoftUniKaraoke.csproj", "{9632F19D-15F9-4373-AFAD-CCE2CA2A6265}"
EndProject
Project("{FAE04EC0-301F-11D3-BF4B-00C04F79EFBC}") = "02.1SoftUniKaraoke", "02.1SoftUniKaraoke\02.1SoftUniKaraoke.csproj", "{559517E6-4306-444F-9256-80828CC24162}"
EndProject
Project("{FAE04EC0-301F-11D3-BF4B-00C04F79EFBC}") = "03.Endurance Rally", "03.Endurance Rally\03.Endurance Rally.csproj", "{E9EC5633-0D9C-4686-A018-7959F115066A}"
EndProject
Project("{FAE04EC0-301F-11D3-BF4B-00C04F79EFBC}") = "04.WinningTicket", "04.WinningTicket\04.WinningTicket.csproj", "{002983B7-4075-45B9-9D33-9BFE842EAF38}"
EndProject
Project("{FAE04EC0-301F-11D3-BF4B-00C04F79EFBC}") = "01.CharityMarathon", "01.CharityMarathon\01.CharityMarathon.csproj", "{21A07F40-7357-436E-9256-C4E601C0483D}"
EndProject
Project("{FAE04EC0-301F-11D3-BF4B-00C04F79EFBC}") = "02.LadyBugs", "02.LadyBugs\02.LadyBugs.csproj", "{F30B4210-0E12-4212-96BD-FF308097462F}"
EndProject
Project("{FAE04EC0-301F-11D3-BF4B-00C04F79EFBC}") = "03.NetherRealms", "03.NetherRealms\03.NetherRealms.csproj", "{15D79692-1070-4204-A7BB-2FD1BE27EA97}"
EndProject
Project("{FAE04EC0-301F-11D3-BF4B-00C04F79EFBC}") = "03.1.NethetRealm", "03.1.NethetRealm\03.1.NethetRealm.csproj", "{CECE4591-B04D-4E6A-B223-1DC08349D2E4}"
EndProject
Project("{FAE04EC0-301F-11D3-BF4B-00C04F79EFBC}") = "04.RolitheCoder", "04.RolitheCoder\04.RolitheCoder.csproj", "{87C3537D-E3C0-4DF9-8B23-0C2C0C3AC0BB}"
EndProject
Project("{FAE04EC0-301F-11D3-BF4B-00C04F79EFBC}") = "04.1.RoliTheCoder", "04.1.RoliTheCoder\04.1.RoliTheCoder.csproj", "{11640DDC-721C-44C0-8FA6-8E39927B8E85}"
EndProject
Project("{FAE04EC0-301F-11D3-BF4B-00C04F79EFBC}") = "01.SoftuniCoffeeOrders", "01.SoftuniCoffeeOrders\01.SoftuniCoffeeOrders.csproj", "{B11ABB01-2B76-42AB-BD68-8D83CFE4F9EE}"
EndProject
Project("{FAE04EC0-301F-11D3-BF4B-00C04F79EFBC}") = "02.CommandInerpretter", "02.CommandInerpretter\02.CommandInerpretter.csproj", "{D2245D1C-41C0-413F-9A28-D0C231CE090A}"
EndProject
Project("{FAE04EC0-301F-11D3-BF4B-00C04F79EFBC}") = "02.1.CommandInterpretuor", "02.1.CommandInterpretuor\02.1.CommandInterpretuor.csproj", "{D9B3C468-8586-4750-9017-EB04BEAFBD1E}"
EndProject
Project("{FAE04EC0-301F-11D3-BF4B-00C04F79EFBC}") = "03.RageQuit", "03.RageQuit\03.RageQuit.csproj", "{C00213C6-2705-4991-9DC2-5CC9BD66C994}"
EndProject
Project("{FAE04EC0-301F-11D3-BF4B-00C04F79EFBC}") = "04.Files", "04.Files\04.Files.csproj", "{6A9BB780-4046-4400-8236-7B07C169AE64}"
EndProject
Global
	GlobalSection(SolutionConfigurationPlatforms) = preSolution
		Debug|Any CPU = Debug|Any CPU
		Release|Any CPU = Release|Any CPU
	EndGlobalSection
	GlobalSection(ProjectConfigurationPlatforms) = postSolution
		{69C3C735-90DC-4C79-BD55-95A339414E5F}.Debug|Any CPU.ActiveCfg = Debug|Any CPU
		{69C3C735-90DC-4C79-BD55-95A339414E5F}.Debug|Any CPU.Build.0 = Debug|Any CPU
		{69C3C735-90DC-4C79-BD55-95A339414E5F}.Release|Any CPU.ActiveCfg = Release|Any CPU
		{69C3C735-90DC-4C79-BD55-95A339414E5F}.Release|Any CPU.Build.0 = Release|Any CPU
		{DE8D08A9-CCBE-498B-B6A2-FC7DE4CC08A2}.Debug|Any CPU.ActiveCfg = Debug|Any CPU
		{DE8D08A9-CCBE-498B-B6A2-FC7DE4CC08A2}.Debug|Any CPU.Build.0 = Debug|Any CPU
		{DE8D08A9-CCBE-498B-B6A2-FC7DE4CC08A2}.Release|Any CPU.ActiveCfg = Release|Any CPU
		{DE8D08A9-CCBE-498B-B6A2-FC7DE4CC08A2}.Release|Any CPU.Build.0 = Release|Any CPU
		{9632F19D-15F9-4373-AFAD-CCE2CA2A6265}.Debug|Any CPU.ActiveCfg = Debug|Any CPU
		{9632F19D-15F9-4373-AFAD-CCE2CA2A6265}.Debug|Any CPU.Build.0 = Debug|Any CPU
		{9632F19D-15F9-4373-AFAD-CCE2CA2A6265}.Release|Any CPU.ActiveCfg = Release|Any CPU
		{9632F19D-15F9-4373-AFAD-CCE2CA2A6265}.Release|Any CPU.Build.0 = Release|Any CPU
		{559517E6-4306-444F-9256-80828CC24162}.Debug|Any CPU.ActiveCfg = Debug|Any CPU
		{559517E6-4306-444F-9256-80828CC24162}.Debug|Any CPU.Build.0 = Debug|Any CPU
		{559517E6-4306-444F-9256-80828CC24162}.Release|Any CPU.ActiveCfg = Release|Any CPU
		{559517E6-4306-444F-9256-80828CC24162}.Release|Any CPU.Build.0 = Release|Any CPU
		{E9EC5633-0D9C-4686-A018-7959F115066A}.Debug|Any CPU.ActiveCfg = Debug|Any CPU
		{E9EC5633-0D9C-4686-A018-7959F115066A}.Debug|Any CPU.Build.0 = Debug|Any CPU
		{E9EC5633-0D9C-4686-A018-7959F115066A}.Release|Any CPU.ActiveCfg = Release|Any CPU
		{E9EC5633-0D9C-4686-A018-7959F115066A}.Release|Any CPU.Build.0 = Release|Any CPU
		{002983B7-4075-45B9-9D33-9BFE842EAF38}.Debug|Any CPU.ActiveCfg = Debug|Any CPU
		{002983B7-4075-45B9-9D33-9BFE842EAF38}.Debug|Any CPU.Build.0 = Debug|Any CPU
		{002983B7-4075-45B9-9D33-9BFE842EAF38}.Release|Any CPU.ActiveCfg = Release|Any CPU
		{002983B7-4075-45B9-9D33-9BFE842EAF38}.Release|Any CPU.Build.0 = Release|Any CPU
		{21A07F40-7357-436E-9256-C4E601C0483D}.Debug|Any CPU.ActiveCfg = Debug|Any CPU
		{21A07F40-7357-436E-9256-C4E601C0483D}.Debug|Any CPU.Build.0 = Debug|Any CPU
		{21A07F40-7357-436E-9256-C4E601C0483D}.Release|Any CPU.ActiveCfg = Release|Any CPU
		{21A07F40-7357-436E-9256-C4E601C0483D}.Release|Any CPU.Build.0 = Release|Any CPU
		{F30B4210-0E12-4212-96BD-FF308097462F}.Debug|Any CPU.ActiveCfg = Debug|Any CPU
		{F30B4210-0E12-4212-96BD-FF308097462F}.Debug|Any CPU.Build.0 = Debug|Any CPU
		{F30B4210-0E12-4212-96BD-FF308097462F}.Release|Any CPU.ActiveCfg = Release|Any CPU
		{F30B4210-0E12-4212-96BD-FF308097462F}.Release|Any CPU.Build.0 = Release|Any CPU
		{15D79692-1070-4204-A7BB-2FD1BE27EA97}.Debug|Any CPU.ActiveCfg = Debug|Any CPU
		{15D79692-1070-4204-A7BB-2FD1BE27EA97}.Debug|Any CPU.Build.0 = Debug|Any CPU
		{15D79692-1070-4204-A7BB-2FD1BE27EA97}.Release|Any CPU.ActiveCfg = Release|Any CPU
		{15D79692-1070-4204-A7BB-2FD1BE27EA97}.Release|Any CPU.Build.0 = Release|Any CPU
		{CECE4591-B04D-4E6A-B223-1DC08349D2E4}.Debug|Any CPU.ActiveCfg = Debug|Any CPU
		{CECE4591-B04D-4E6A-B223-1DC08349D2E4}.Debug|Any CPU.Build.0 = Debug|Any CPU
		{CECE4591-B04D-4E6A-B223-1DC08349D2E4}.Release|Any CPU.ActiveCfg = Release|Any CPU
		{CECE4591-B04D-4E6A-B223-1DC08349D2E4}.Release|Any CPU.Build.0 = Release|Any CPU
		{87C3537D-E3C0-4DF9-8B23-0C2C0C3AC0BB}.Debug|Any CPU.ActiveCfg = Debug|Any CPU
		{87C3537D-E3C0-4DF9-8B23-0C2C0C3AC0BB}.Debug|Any CPU.Build.0 = Debug|Any CPU
		{87C3537D-E3C0-4DF9-8B23-0C2C0C3AC0BB}.Release|Any CPU.ActiveCfg = Release|Any CPU
		{87C3537D-E3C0-4DF9-8B23-0C2C0C3AC0BB}.Release|Any CPU.Build.0 = Release|Any CPU
		{11640DDC-721C-44C0-8FA6-8E39927B8E85}.Debug|Any CPU.ActiveCfg = Debug|Any CPU
		{11640DDC-721C-44C0-8FA6-8E39927B8E85}.Debug|Any CPU.Build.0 = Debug|Any CPU
		{11640DDC-721C-44C0-8FA6-8E39927B8E85}.Release|Any CPU.ActiveCfg = Release|Any CPU
		{11640DDC-721C-44C0-8FA6-8E39927B8E85}.Release|Any CPU.Build.0 = Release|Any CPU
		{B11ABB01-2B76-42AB-BD68-8D83CFE4F9EE}.Debug|Any CPU.ActiveCfg = Debug|Any CPU
		{B11ABB01-2B76-42AB-BD68-8D83CFE4F9EE}.Debug|Any CPU.Build.0 = Debug|Any CPU
		{B11ABB01-2B76-42AB-BD68-8D83CFE4F9EE}.Release|Any CPU.ActiveCfg = Release|Any CPU
		{B11ABB01-2B76-42AB-BD68-8D83CFE4F9EE}.Release|Any CPU.Build.0 = Release|Any CPU
		{D2245D1C-41C0-413F-9A28-D0C231CE090A}.Debug|Any CPU.ActiveCfg = Debug|Any CPU
		{D2245D1C-41C0-413F-9A28-D0C231CE090A}.Debug|Any CPU.Build.0 = Debug|Any CPU
		{D2245D1C-41C0-413F-9A28-D0C231CE090A}.Release|Any CPU.ActiveCfg = Release|Any CPU
		{D2245D1C-41C0-413F-9A28-D0C231CE090A}.Release|Any CPU.Build.0 = Release|Any CPU
		{D9B3C468-8586-4750-9017-EB04BEAFBD1E}.Debug|Any CPU.ActiveCfg = Debug|Any CPU
		{D9B3C468-8586-4750-9017-EB04BEAFBD1E}.Debug|Any CPU.Build.0 = Debug|Any CPU
		{D9B3C468-8586-4750-9017-EB04BEAFBD1E}.Release|Any CPU.ActiveCfg = Release|Any CPU
		{D9B3C468-8586-4750-9017-EB04BEAFBD1E}.Release|Any CPU.Build.0 = Release|Any CPU
		{C00213C6-2705-4991-9DC2-5CC9BD66C994}.Debug|Any CPU.ActiveCfg = Debug|Any CPU
		{C00213C6-2705-4991-9DC2-5CC9BD66C994}.Debug|Any CPU.Build.0 = Debug|Any CPU
		{C00213C6-2705-4991-9DC2-5CC9BD66C994}.Release|Any CPU.ActiveCfg = Release|Any CPU
		{C00213C6-2705-4991-9DC2-5CC9BD66C994}.Release|Any CPU.Build.0 = Release|Any CPU
		{6A9BB780-4046-4400-8236-7B07C169AE64}.Debug|Any CPU.ActiveCfg = Debug|Any CPU
		{6A9BB780-4046-4400-8236-7B07C169AE64}.Debug|Any CPU.Build.0 = Debug|Any CPU
		{6A9BB780-4046-4400-8236-7B07C169AE64}.Release|Any CPU.ActiveCfg = Release|Any CPU
		{6A9BB780-4046-4400-8236-7B07C169AE64}.Release|Any CPU.Build.0 = Release|Any CPU
	EndGlobalSection
	GlobalSection(SolutionProperties) = preSolution
		HideSolutionNode = FALSE
	EndGlobalSection
EndGlobal
