
Microsoft Visual Studio Solution File, Format Version 12.00
# Visual Studio 14
VisualStudioVersion = 14.0.25420.1
MinimumVisualStudioVersion = 10.0.40219.1
Project("{FAE04EC0-301F-11D3-BF4B-00C04F79EFBC}") = "01.DayOfWeek", "01.DayOfWeek\01.DayOfWeek.csproj", "{28556178-A65B-48C4-9AA3-75348B997429}"
EndProject
Project("{FAE04EC0-301F-11D3-BF4B-00C04F79EFBC}") = "02.ReverseAnArrayOfIntegers", "02.ReverseAnArrayOfIntegers\02.ReverseAnArrayOfIntegers.csproj", "{3AA93473-099F-4F3C-AF56-73F2137A70EE}"
EndProject
Global
	GlobalSection(SolutionConfigurationPlatforms) = preSolution
		Debug|Any CPU = Debug|Any CPU
		Release|Any CPU = Release|Any CPU
	EndGlobalSection
	GlobalSection(ProjectConfigurationPlatforms) = postSolution
		{28556178-A65B-48C4-9AA3-75348B997429}.Debug|Any CPU.ActiveCfg = Debug|Any CPU
		{28556178-A65B-48C4-9AA3-75348B997429}.Debug|Any CPU.Build.0 = Debug|Any CPU
		{28556178-A65B-48C4-9AA3-75348B997429}.Release|Any CPU.ActiveCfg = Release|Any CPU
		{28556178-A65B-48C4-9AA3-75348B997429}.Release|Any CPU.Build.0 = Release|Any CPU
		{3AA93473-099F-4F3C-AF56-73F2137A70EE}.Debug|Any CPU.ActiveCfg = Debug|Any CPU
		{3AA93473-099F-4F3C-AF56-73F2137A70EE}.Debug|Any CPU.Build.0 = Debug|Any CPU
		{3AA93473-099F-4F3C-AF56-73F2137A70EE}.Release|Any CPU.ActiveCfg = Release|Any CPU
		{3AA93473-099F-4F3C-AF56-73F2137A70EE}.Release|Any CPU.Build.0 = Release|Any CPU
	EndGlobalSection
	GlobalSection(SolutionProperties) = preSolution
		HideSolutionNode = FALSE
	EndGlobalSection
EndGlobal
