
Microsoft Visual Studio Solution File, Format Version 12.00
# Visual Studio 14
VisualStudioVersion = 14.0.25420.1
MinimumVisualStudioVersion = 10.0.40219.1
Project("{FAE04EC0-301F-11D3-BF4B-00C04F79EFBC}") = "01.CenturiesToMinutes", "01.CenturiesToMinutes\01.CenturiesToMinutes.csproj", "{11D38431-FCFB-4C28-A1CA-3B1B8328FE87}"
EndProject
Project("{FAE04EC0-301F-11D3-BF4B-00C04F79EFBC}") = "02.CircleAreaPrecision12", "02.CircleAreaPrecision12\02.CircleAreaPrecision12.csproj", "{B8082F8A-7EF8-4BB9-BB61-72C60F238AB4}"
EndProject
Project("{FAE04EC0-301F-11D3-BF4B-00C04F79EFBC}") = "03.ExactSumOfRealNumbers", "3.ExactSumOfRealNumbers\03.ExactSumOfRealNumbers.csproj", "{7C78F45D-EBFD-46E9-89C8-2F2F385FED91}"
EndProject
Project("{FAE04EC0-301F-11D3-BF4B-00C04F79EFBC}") = "04.Elevator", "04.Elevator\04.Elevator.csproj", "{E85A2948-C360-4970-8306-EC9D64AAADBD}"
EndProject
Project("{FAE04EC0-301F-11D3-BF4B-00C04F79EFBC}") = "05.SpecialNumbers", "05.SpecialNumbers\05.SpecialNumbers.csproj", "{8412776C-612E-48F0-8CD7-C9F0F7A9FFEE}"
EndProject
Project("{FAE04EC0-301F-11D3-BF4B-00C04F79EFBC}") = "06.TriplesOfLetters", "06.TriplesOfLetters\06.TriplesOfLetters.csproj", "{24B99B69-52E8-476B-B92A-F1E175EB6CAF}"
EndProject
Project("{FAE04EC0-301F-11D3-BF4B-00C04F79EFBC}") = "07.Greeting", "07.Greeting\07.Greeting.csproj", "{52CC8142-7567-4A37-9A91-A44783345234}"
EndProject
Project("{FAE04EC0-301F-11D3-BF4B-00C04F79EFBC}") = "08.RefactorVolumeOfPyramid", "08.RefactorVolumeOfPyramid\08.RefactorVolumeOfPyramid.csproj", "{CD9C9AFE-7406-4C76-9A92-E2C07609D642}"
EndProject
Project("{FAE04EC0-301F-11D3-BF4B-00C04F79EFBC}") = "09.RefactorSpecialNumbers", "09.RefactorSpecialNumbers\09.RefactorSpecialNumbers.csproj", "{3E25E956-380E-4AC6-BDBE-A9F3612407A7}"
EndProject
Project("{FAE04EC0-301F-11D3-BF4B-00C04F79EFBC}") = "10.HolidaysBetweenTwoDates", "10.HolidaysBetweenTwoDates\10.HolidaysBetweenTwoDates.csproj", "{94157C8E-6F48-4CFC-8825-6489D254365F}"
EndProject
Global
	GlobalSection(SolutionConfigurationPlatforms) = preSolution
		Debug|Any CPU = Debug|Any CPU
		Release|Any CPU = Release|Any CPU
	EndGlobalSection
	GlobalSection(ProjectConfigurationPlatforms) = postSolution
		{11D38431-FCFB-4C28-A1CA-3B1B8328FE87}.Debug|Any CPU.ActiveCfg = Debug|Any CPU
		{11D38431-FCFB-4C28-A1CA-3B1B8328FE87}.Debug|Any CPU.Build.0 = Debug|Any CPU
		{11D38431-FCFB-4C28-A1CA-3B1B8328FE87}.Release|Any CPU.ActiveCfg = Release|Any CPU
		{11D38431-FCFB-4C28-A1CA-3B1B8328FE87}.Release|Any CPU.Build.0 = Release|Any CPU
		{B8082F8A-7EF8-4BB9-BB61-72C60F238AB4}.Debug|Any CPU.ActiveCfg = Debug|Any CPU
		{B8082F8A-7EF8-4BB9-BB61-72C60F238AB4}.Debug|Any CPU.Build.0 = Debug|Any CPU
		{B8082F8A-7EF8-4BB9-BB61-72C60F238AB4}.Release|Any CPU.ActiveCfg = Release|Any CPU
		{B8082F8A-7EF8-4BB9-BB61-72C60F238AB4}.Release|Any CPU.Build.0 = Release|Any CPU
		{7C78F45D-EBFD-46E9-89C8-2F2F385FED91}.Debug|Any CPU.ActiveCfg = Debug|Any CPU
		{7C78F45D-EBFD-46E9-89C8-2F2F385FED91}.Debug|Any CPU.Build.0 = Debug|Any CPU
		{7C78F45D-EBFD-46E9-89C8-2F2F385FED91}.Release|Any CPU.ActiveCfg = Release|Any CPU
		{7C78F45D-EBFD-46E9-89C8-2F2F385FED91}.Release|Any CPU.Build.0 = Release|Any CPU
		{E85A2948-C360-4970-8306-EC9D64AAADBD}.Debug|Any CPU.ActiveCfg = Debug|Any CPU
		{E85A2948-C360-4970-8306-EC9D64AAADBD}.Debug|Any CPU.Build.0 = Debug|Any CPU
		{E85A2948-C360-4970-8306-EC9D64AAADBD}.Release|Any CPU.ActiveCfg = Release|Any CPU
		{E85A2948-C360-4970-8306-EC9D64AAADBD}.Release|Any CPU.Build.0 = Release|Any CPU
		{8412776C-612E-48F0-8CD7-C9F0F7A9FFEE}.Debug|Any CPU.ActiveCfg = Debug|Any CPU
		{8412776C-612E-48F0-8CD7-C9F0F7A9FFEE}.Debug|Any CPU.Build.0 = Debug|Any CPU
		{8412776C-612E-48F0-8CD7-C9F0F7A9FFEE}.Release|Any CPU.ActiveCfg = Release|Any CPU
		{8412776C-612E-48F0-8CD7-C9F0F7A9FFEE}.Release|Any CPU.Build.0 = Release|Any CPU
		{24B99B69-52E8-476B-B92A-F1E175EB6CAF}.Debug|Any CPU.ActiveCfg = Debug|Any CPU
		{24B99B69-52E8-476B-B92A-F1E175EB6CAF}.Debug|Any CPU.Build.0 = Debug|Any CPU
		{24B99B69-52E8-476B-B92A-F1E175EB6CAF}.Release|Any CPU.ActiveCfg = Release|Any CPU
		{24B99B69-52E8-476B-B92A-F1E175EB6CAF}.Release|Any CPU.Build.0 = Release|Any CPU
		{52CC8142-7567-4A37-9A91-A44783345234}.Debug|Any CPU.ActiveCfg = Debug|Any CPU
		{52CC8142-7567-4A37-9A91-A44783345234}.Debug|Any CPU.Build.0 = Debug|Any CPU
		{52CC8142-7567-4A37-9A91-A44783345234}.Release|Any CPU.ActiveCfg = Release|Any CPU
		{52CC8142-7567-4A37-9A91-A44783345234}.Release|Any CPU.Build.0 = Release|Any CPU
		{CD9C9AFE-7406-4C76-9A92-E2C07609D642}.Debug|Any CPU.ActiveCfg = Debug|Any CPU
		{CD9C9AFE-7406-4C76-9A92-E2C07609D642}.Debug|Any CPU.Build.0 = Debug|Any CPU
		{CD9C9AFE-7406-4C76-9A92-E2C07609D642}.Release|Any CPU.ActiveCfg = Release|Any CPU
		{CD9C9AFE-7406-4C76-9A92-E2C07609D642}.Release|Any CPU.Build.0 = Release|Any CPU
		{3E25E956-380E-4AC6-BDBE-A9F3612407A7}.Debug|Any CPU.ActiveCfg = Debug|Any CPU
		{3E25E956-380E-4AC6-BDBE-A9F3612407A7}.Debug|Any CPU.Build.0 = Debug|Any CPU
		{3E25E956-380E-4AC6-BDBE-A9F3612407A7}.Release|Any CPU.ActiveCfg = Release|Any CPU
		{3E25E956-380E-4AC6-BDBE-A9F3612407A7}.Release|Any CPU.Build.0 = Release|Any CPU
		{94157C8E-6F48-4CFC-8825-6489D254365F}.Debug|Any CPU.ActiveCfg = Debug|Any CPU
		{94157C8E-6F48-4CFC-8825-6489D254365F}.Debug|Any CPU.Build.0 = Debug|Any CPU
		{94157C8E-6F48-4CFC-8825-6489D254365F}.Release|Any CPU.ActiveCfg = Release|Any CPU
		{94157C8E-6F48-4CFC-8825-6489D254365F}.Release|Any CPU.Build.0 = Release|Any CPU
	EndGlobalSection
	GlobalSection(SolutionProperties) = preSolution
		HideSolutionNode = FALSE
	EndGlobalSection
EndGlobal
